
Microsoft Visual Studio Solution File, Format Version 12.00
# Visual Studio Version 17
VisualStudioVersion = 17.6.33801.468
MinimumVisualStudioVersion = 10.0.40219.1
Project("{FAE04EC0-301F-11D3-BF4B-00C04F79EFBC}") = "SmartHouse", "SmartHouse\SmartHouse.csproj", "{1B238269-659B-4C6B-9782-C2650E484016}"
EndProject
Global
	GlobalSection(SolutionConfigurationPlatforms) = preSolution
		Debug|Any CPU = Debug|Any CPU
		Release|Any CPU = Release|Any CPU
	EndGlobalSection
	GlobalSection(ProjectConfigurationPlatforms) = postSolution
		{1B238269-659B-4C6B-9782-C2650E484016}.Debug|Any CPU.ActiveCfg = Debug|Any CPU
		{1B238269-659B-4C6B-9782-C2650E484016}.Debug|Any CPU.Build.0 = Debug|Any CPU
		{1B238269-659B-4C6B-9782-C2650E484016}.Release|Any CPU.ActiveCfg = Release|Any CPU
		{1B238269-659B-4C6B-9782-C2650E484016}.Release|Any CPU.Build.0 = Release|Any CPU
	EndGlobalSection
	GlobalSection(SolutionProperties) = preSolution
		HideSolutionNode = FALSE
	EndGlobalSection
	GlobalSection(ExtensibilityGlobals) = postSolution
		SolutionGuid = {FF6179D7-5C0A-43BB-A523-071804DC9C17}
	EndGlobalSection
EndGlobal
